// !$*UTF8*$!
{
	archiveVersion = 1;
	classes = {
	};
	objectVersion = 48;
	objects = {

/* Begin PBXBuildFile section */
		037D203F493CDE17E368E8A2 /* Pods_ProofOfConceptDataParsingTests.framework in Frameworks */ = {isa = PBXBuildFile; fileRef = E06C9648F8973CEC6645779A /* Pods_ProofOfConceptDataParsingTests.framework */; };
		3D3A83DD1B438ABBCE2ADF0B /* Pods_ProofOfConceptTests.framework in Frameworks */ = {isa = PBXBuildFile; fileRef = A7CFB34C81EAA616DE5310B5 /* Pods_ProofOfConceptTests.framework */; };
		5A77635C4EC349A15B657432 /* Pods_ProofOfConceptUITests.framework in Frameworks */ = {isa = PBXBuildFile; fileRef = 1DC2DB5D5327E4E8D9D99D6F /* Pods_ProofOfConceptUITests.framework */; };
		830CB9D3C3EC66785BE0ADFB /* Pods_ProofOfConcept.framework in Frameworks */ = {isa = PBXBuildFile; fileRef = 18D18E190A84AE667DA28D5A /* Pods_ProofOfConcept.framework */; };
		E4463ED820B2CAD5002F0885 /* POCTableViewCell.swift in Sources */ = {isa = PBXBuildFile; fileRef = E4463ED720B2CAD5002F0885 /* POCTableViewCell.swift */; };
		E4463ED920B2CAD5002F0885 /* POCTableViewCell.swift in Sources */ = {isa = PBXBuildFile; fileRef = E4463ED720B2CAD5002F0885 /* POCTableViewCell.swift */; };
		E4463EDA20B2CAD5002F0885 /* POCTableViewCell.swift in Sources */ = {isa = PBXBuildFile; fileRef = E4463ED720B2CAD5002F0885 /* POCTableViewCell.swift */; };
		E4463EDB20B2CAD5002F0885 /* POCTableViewCell.swift in Sources */ = {isa = PBXBuildFile; fileRef = E4463ED720B2CAD5002F0885 /* POCTableViewCell.swift */; };
		E4BE0D7320B2796B000BF776 /* AppDelegate.swift in Sources */ = {isa = PBXBuildFile; fileRef = E4BE0D7220B2796B000BF776 /* AppDelegate.swift */; };
		E4BE0D7520B2796B000BF776 /* POCFactsTableViewController.swift in Sources */ = {isa = PBXBuildFile; fileRef = E4BE0D7420B2796B000BF776 /* POCFactsTableViewController.swift */; };
		E4BE0D7A20B2796B000BF776 /* Assets.xcassets in Resources */ = {isa = PBXBuildFile; fileRef = E4BE0D7920B2796B000BF776 /* Assets.xcassets */; };
		E4BE0D8820B2796C000BF776 /* ProofOfConceptTests.swift in Sources */ = {isa = PBXBuildFile; fileRef = E4BE0D8720B2796C000BF776 /* ProofOfConceptTests.swift */; };
		E4BE0D9320B2796C000BF776 /* ProofOfConceptUITests.swift in Sources */ = {isa = PBXBuildFile; fileRef = E4BE0D9220B2796C000BF776 /* ProofOfConceptUITests.swift */; };
		E4BE0DA220B29AD9000BF776 /* POCServiceClass.swift in Sources */ = {isa = PBXBuildFile; fileRef = E4BE0DA120B29AD9000BF776 /* POCServiceClass.swift */; };
		E4BE0DA820B2A03C000BF776 /* POCConstants.swift in Sources */ = {isa = PBXBuildFile; fileRef = E4BE0DA720B2A03C000BF776 /* POCConstants.swift */; };
		E4BE0DA920B2A03C000BF776 /* POCConstants.swift in Sources */ = {isa = PBXBuildFile; fileRef = E4BE0DA720B2A03C000BF776 /* POCConstants.swift */; };
		E4BE0DAA20B2A03C000BF776 /* POCConstants.swift in Sources */ = {isa = PBXBuildFile; fileRef = E4BE0DA720B2A03C000BF776 /* POCConstants.swift */; };
		E4BE0DAC20B2B9D2000BF776 /* POCFacts.swift in Sources */ = {isa = PBXBuildFile; fileRef = E4BE0DAB20B2B9D2000BF776 /* POCFacts.swift */; };
		E4BE0DAD20B2B9D2000BF776 /* POCFacts.swift in Sources */ = {isa = PBXBuildFile; fileRef = E4BE0DAB20B2B9D2000BF776 /* POCFacts.swift */; };
		E4BE0DAE20B2B9D2000BF776 /* POCFacts.swift in Sources */ = {isa = PBXBuildFile; fileRef = E4BE0DAB20B2B9D2000BF776 /* POCFacts.swift */; };
		E4BE0DB720B2BB98000BF776 /* ProofOfConceptDataParsingTests.swift in Sources */ = {isa = PBXBuildFile; fileRef = E4BE0DB620B2BB98000BF776 /* ProofOfConceptDataParsingTests.swift */; };
		E4BE0DBE20B2BC13000BF776 /* POCConstants.swift in Sources */ = {isa = PBXBuildFile; fileRef = E4BE0DA720B2A03C000BF776 /* POCConstants.swift */; };
		E4BE0DBF20B2BC43000BF776 /* POCServiceClass.swift in Sources */ = {isa = PBXBuildFile; fileRef = E4BE0DA120B29AD9000BF776 /* POCServiceClass.swift */; };
		E4BE0DC020B2BD75000BF776 /* POCFacts.swift in Sources */ = {isa = PBXBuildFile; fileRef = E4BE0DAB20B2B9D2000BF776 /* POCFacts.swift */; };
		E4BE0DC720B2C474000BF776 /* MBProgressHUD.m in Sources */ = {isa = PBXBuildFile; fileRef = E4BE0DC520B2C473000BF776 /* MBProgressHUD.m */; };
		E4BE0DC820B2C474000BF776 /* MBProgressHUD.m in Sources */ = {isa = PBXBuildFile; fileRef = E4BE0DC520B2C473000BF776 /* MBProgressHUD.m */; };
		E4BE0DC920B2C474000BF776 /* MBProgressHUD.m in Sources */ = {isa = PBXBuildFile; fileRef = E4BE0DC520B2C473000BF776 /* MBProgressHUD.m */; };
		E4BE0DCA20B2C474000BF776 /* MBProgressHUD.m in Sources */ = {isa = PBXBuildFile; fileRef = E4BE0DC520B2C473000BF776 /* MBProgressHUD.m */; };
/* End PBXBuildFile section */

/* Begin PBXContainerItemProxy section */
		E4BE0D8420B2796C000BF776 /* PBXContainerItemProxy */ = {
			isa = PBXContainerItemProxy;
			containerPortal = E4BE0D6720B2796B000BF776 /* Project object */;
			proxyType = 1;
			remoteGlobalIDString = E4BE0D6E20B2796B000BF776;
			remoteInfo = ProofOfConcept;
		};
		E4BE0D8F20B2796C000BF776 /* PBXContainerItemProxy */ = {
			isa = PBXContainerItemProxy;
			containerPortal = E4BE0D6720B2796B000BF776 /* Project object */;
			proxyType = 1;
			remoteGlobalIDString = E4BE0D6E20B2796B000BF776;
			remoteInfo = ProofOfConcept;
		};
		E4BE0DB920B2BB98000BF776 /* PBXContainerItemProxy */ = {
			isa = PBXContainerItemProxy;
			containerPortal = E4BE0D6720B2796B000BF776 /* Project object */;
			proxyType = 1;
			remoteGlobalIDString = E4BE0D6E20B2796B000BF776;
			remoteInfo = ProofOfConcept;
		};
/* End PBXContainerItemProxy section */

/* Begin PBXFileReference section */
		08FBA4D8B6F8BC43B9F1EACB /* Pods-ProofOfConceptTests.release.xcconfig */ = {isa = PBXFileReference; includeInIndex = 1; lastKnownFileType = text.xcconfig; name = "Pods-ProofOfConceptTests.release.xcconfig"; path = "Pods/Target Support Files/Pods-ProofOfConceptTests/Pods-ProofOfConceptTests.release.xcconfig"; sourceTree = "<group>"; };
		09AA9A4952CDF74F0D1ACA34 /* Pods-ProofOfConceptDataParsingTests.debug.xcconfig */ = {isa = PBXFileReference; includeInIndex = 1; lastKnownFileType = text.xcconfig; name = "Pods-ProofOfConceptDataParsingTests.debug.xcconfig"; path = "Pods/Target Support Files/Pods-ProofOfConceptDataParsingTests/Pods-ProofOfConceptDataParsingTests.debug.xcconfig"; sourceTree = "<group>"; };
		18D18E190A84AE667DA28D5A /* Pods_ProofOfConcept.framework */ = {isa = PBXFileReference; explicitFileType = wrapper.framework; includeInIndex = 0; path = Pods_ProofOfConcept.framework; sourceTree = BUILT_PRODUCTS_DIR; };
		1DC2DB5D5327E4E8D9D99D6F /* Pods_ProofOfConceptUITests.framework */ = {isa = PBXFileReference; explicitFileType = wrapper.framework; includeInIndex = 0; path = Pods_ProofOfConceptUITests.framework; sourceTree = BUILT_PRODUCTS_DIR; };
		86B132C0AB6EB1FFCF9F2B59 /* Pods-ProofOfConcept.release.xcconfig */ = {isa = PBXFileReference; includeInIndex = 1; lastKnownFileType = text.xcconfig; name = "Pods-ProofOfConcept.release.xcconfig"; path = "Pods/Target Support Files/Pods-ProofOfConcept/Pods-ProofOfConcept.release.xcconfig"; sourceTree = "<group>"; };
		99C7BD830E314004CEE92DFC /* Pods-ProofOfConceptDataParsingTests.release.xcconfig */ = {isa = PBXFileReference; includeInIndex = 1; lastKnownFileType = text.xcconfig; name = "Pods-ProofOfConceptDataParsingTests.release.xcconfig"; path = "Pods/Target Support Files/Pods-ProofOfConceptDataParsingTests/Pods-ProofOfConceptDataParsingTests.release.xcconfig"; sourceTree = "<group>"; };
		A30458C26EEF74D73F804EF7 /* Pods-ProofOfConceptUITests.release.xcconfig */ = {isa = PBXFileReference; includeInIndex = 1; lastKnownFileType = text.xcconfig; name = "Pods-ProofOfConceptUITests.release.xcconfig"; path = "Pods/Target Support Files/Pods-ProofOfConceptUITests/Pods-ProofOfConceptUITests.release.xcconfig"; sourceTree = "<group>"; };
		A7CFB34C81EAA616DE5310B5 /* Pods_ProofOfConceptTests.framework */ = {isa = PBXFileReference; explicitFileType = wrapper.framework; includeInIndex = 0; path = Pods_ProofOfConceptTests.framework; sourceTree = BUILT_PRODUCTS_DIR; };
		A815CB5703DFC9296830295E /* Pods-ProofOfConceptTests.debug.xcconfig */ = {isa = PBXFileReference; includeInIndex = 1; lastKnownFileType = text.xcconfig; name = "Pods-ProofOfConceptTests.debug.xcconfig"; path = "Pods/Target Support Files/Pods-ProofOfConceptTests/Pods-ProofOfConceptTests.debug.xcconfig"; sourceTree = "<group>"; };
		CE0CDFCB4CA89FD8B187E8F6 /* Pods-ProofOfConcept.debug.xcconfig */ = {isa = PBXFileReference; includeInIndex = 1; lastKnownFileType = text.xcconfig; name = "Pods-ProofOfConcept.debug.xcconfig"; path = "Pods/Target Support Files/Pods-ProofOfConcept/Pods-ProofOfConcept.debug.xcconfig"; sourceTree = "<group>"; };
		E06C9648F8973CEC6645779A /* Pods_ProofOfConceptDataParsingTests.framework */ = {isa = PBXFileReference; explicitFileType = wrapper.framework; includeInIndex = 0; path = Pods_ProofOfConceptDataParsingTests.framework; sourceTree = BUILT_PRODUCTS_DIR; };
		E4463ED720B2CAD5002F0885 /* POCTableViewCell.swift */ = {isa = PBXFileReference; fileEncoding = 4; lastKnownFileType = sourcecode.swift; path = POCTableViewCell.swift; sourceTree = "<group>"; };
		E4BE0D6F20B2796B000BF776 /* ProofOfConcept.app */ = {isa = PBXFileReference; explicitFileType = wrapper.application; includeInIndex = 0; path = ProofOfConcept.app; sourceTree = BUILT_PRODUCTS_DIR; };
		E4BE0D7220B2796B000BF776 /* AppDelegate.swift */ = {isa = PBXFileReference; lastKnownFileType = sourcecode.swift; path = AppDelegate.swift; sourceTree = "<group>"; };
		E4BE0D7420B2796B000BF776 /* POCFactsTableViewController.swift */ = {isa = PBXFileReference; lastKnownFileType = sourcecode.swift; path = POCFactsTableViewController.swift; sourceTree = "<group>"; };
		E4BE0D7920B2796B000BF776 /* Assets.xcassets */ = {isa = PBXFileReference; lastKnownFileType = folder.assetcatalog; path = Assets.xcassets; sourceTree = "<group>"; };
		E4BE0D7E20B2796B000BF776 /* Info.plist */ = {isa = PBXFileReference; lastKnownFileType = text.plist.xml; path = Info.plist; sourceTree = "<group>"; };
		E4BE0D8320B2796C000BF776 /* ProofOfConceptTests.xctest */ = {isa = PBXFileReference; explicitFileType = wrapper.cfbundle; includeInIndex = 0; path = ProofOfConceptTests.xctest; sourceTree = BUILT_PRODUCTS_DIR; };
		E4BE0D8720B2796C000BF776 /* ProofOfConceptTests.swift */ = {isa = PBXFileReference; lastKnownFileType = sourcecode.swift; path = ProofOfConceptTests.swift; sourceTree = "<group>"; };
		E4BE0D8920B2796C000BF776 /* Info.plist */ = {isa = PBXFileReference; lastKnownFileType = text.plist.xml; path = Info.plist; sourceTree = "<group>"; };
		E4BE0D8E20B2796C000BF776 /* ProofOfConceptUITests.xctest */ = {isa = PBXFileReference; explicitFileType = wrapper.cfbundle; includeInIndex = 0; path = ProofOfConceptUITests.xctest; sourceTree = BUILT_PRODUCTS_DIR; };
		E4BE0D9220B2796C000BF776 /* ProofOfConceptUITests.swift */ = {isa = PBXFileReference; lastKnownFileType = sourcecode.swift; path = ProofOfConceptUITests.swift; sourceTree = "<group>"; };
		E4BE0D9420B2796C000BF776 /* Info.plist */ = {isa = PBXFileReference; lastKnownFileType = text.plist.xml; path = Info.plist; sourceTree = "<group>"; };
		E4BE0DA120B29AD9000BF776 /* POCServiceClass.swift */ = {isa = PBXFileReference; lastKnownFileType = sourcecode.swift; path = POCServiceClass.swift; sourceTree = "<group>"; };
		E4BE0DA720B2A03C000BF776 /* POCConstants.swift */ = {isa = PBXFileReference; lastKnownFileType = sourcecode.swift; path = POCConstants.swift; sourceTree = "<group>"; };
		E4BE0DAB20B2B9D2000BF776 /* POCFacts.swift */ = {isa = PBXFileReference; fileEncoding = 4; lastKnownFileType = sourcecode.swift; path = POCFacts.swift; sourceTree = "<group>"; };
		E4BE0DB420B2BB98000BF776 /* ProofOfConceptDataParsingTests.xctest */ = {isa = PBXFileReference; explicitFileType = wrapper.cfbundle; includeInIndex = 0; path = ProofOfConceptDataParsingTests.xctest; sourceTree = BUILT_PRODUCTS_DIR; };
		E4BE0DB620B2BB98000BF776 /* ProofOfConceptDataParsingTests.swift */ = {isa = PBXFileReference; lastKnownFileType = sourcecode.swift; path = ProofOfConceptDataParsingTests.swift; sourceTree = "<group>"; };
		E4BE0DB820B2BB98000BF776 /* Info.plist */ = {isa = PBXFileReference; lastKnownFileType = text.plist.xml; path = Info.plist; sourceTree = "<group>"; };
		E4BE0DC120B2C471000BF776 /* ProofOfConcept-Bridging-Header.h */ = {isa = PBXFileReference; lastKnownFileType = sourcecode.c.h; path = "ProofOfConcept-Bridging-Header.h"; sourceTree = "<group>"; };
		E4BE0DC520B2C473000BF776 /* MBProgressHUD.m */ = {isa = PBXFileReference; fileEncoding = 4; lastKnownFileType = sourcecode.c.objc; path = MBProgressHUD.m; sourceTree = "<group>"; };
		E4BE0DC620B2C474000BF776 /* MBProgressHUD.h */ = {isa = PBXFileReference; fileEncoding = 4; lastKnownFileType = sourcecode.c.h; path = MBProgressHUD.h; sourceTree = "<group>"; };
		F93B9AB60BC8DA4F32CBF084 /* Pods-ProofOfConceptUITests.debug.xcconfig */ = {isa = PBXFileReference; includeInIndex = 1; lastKnownFileType = text.xcconfig; name = "Pods-ProofOfConceptUITests.debug.xcconfig"; path = "Pods/Target Support Files/Pods-ProofOfConceptUITests/Pods-ProofOfConceptUITests.debug.xcconfig"; sourceTree = "<group>"; };
/* End PBXFileReference section */

/* Begin PBXFrameworksBuildPhase section */
		E4BE0D6C20B2796B000BF776 /* Frameworks */ = {
			isa = PBXFrameworksBuildPhase;
			buildActionMask = 2147483647;
			files = (
				830CB9D3C3EC66785BE0ADFB /* Pods_ProofOfConcept.framework in Frameworks */,
			);
			runOnlyForDeploymentPostprocessing = 0;
		};
		E4BE0D8020B2796C000BF776 /* Frameworks */ = {
			isa = PBXFrameworksBuildPhase;
			buildActionMask = 2147483647;
			files = (
				3D3A83DD1B438ABBCE2ADF0B /* Pods_ProofOfConceptTests.framework in Frameworks */,
			);
			runOnlyForDeploymentPostprocessing = 0;
		};
		E4BE0D8B20B2796C000BF776 /* Frameworks */ = {
			isa = PBXFrameworksBuildPhase;
			buildActionMask = 2147483647;
			files = (
				5A77635C4EC349A15B657432 /* Pods_ProofOfConceptUITests.framework in Frameworks */,
			);
			runOnlyForDeploymentPostprocessing = 0;
		};
		E4BE0DB120B2BB98000BF776 /* Frameworks */ = {
			isa = PBXFrameworksBuildPhase;
			buildActionMask = 2147483647;
			files = (
				037D203F493CDE17E368E8A2 /* Pods_ProofOfConceptDataParsingTests.framework in Frameworks */,
			);
			runOnlyForDeploymentPostprocessing = 0;
		};
/* End PBXFrameworksBuildPhase section */

/* Begin PBXGroup section */
		07EDA010078FD1C52FEFA086 /* Frameworks */ = {
			isa = PBXGroup;
			children = (
				18D18E190A84AE667DA28D5A /* Pods_ProofOfConcept.framework */,
				A7CFB34C81EAA616DE5310B5 /* Pods_ProofOfConceptTests.framework */,
				1DC2DB5D5327E4E8D9D99D6F /* Pods_ProofOfConceptUITests.framework */,
				E06C9648F8973CEC6645779A /* Pods_ProofOfConceptDataParsingTests.framework */,
			);
			name = Frameworks;
			sourceTree = "<group>";
		};
		B4FBEA8B4837DFD771A92463 /* Pods */ = {
			isa = PBXGroup;
			children = (
				CE0CDFCB4CA89FD8B187E8F6 /* Pods-ProofOfConcept.debug.xcconfig */,
				86B132C0AB6EB1FFCF9F2B59 /* Pods-ProofOfConcept.release.xcconfig */,
				A815CB5703DFC9296830295E /* Pods-ProofOfConceptTests.debug.xcconfig */,
				08FBA4D8B6F8BC43B9F1EACB /* Pods-ProofOfConceptTests.release.xcconfig */,
				F93B9AB60BC8DA4F32CBF084 /* Pods-ProofOfConceptUITests.debug.xcconfig */,
				A30458C26EEF74D73F804EF7 /* Pods-ProofOfConceptUITests.release.xcconfig */,
				09AA9A4952CDF74F0D1ACA34 /* Pods-ProofOfConceptDataParsingTests.debug.xcconfig */,
				99C7BD830E314004CEE92DFC /* Pods-ProofOfConceptDataParsingTests.release.xcconfig */,
			);
			name = Pods;
			sourceTree = "<group>";
		};
		E4463EDC20B2CADA002F0885 /* View */ = {
			isa = PBXGroup;
			children = (
				E4463ED720B2CAD5002F0885 /* POCTableViewCell.swift */,
			);
			path = View;
			sourceTree = "<group>";
		};
		E4BE0D6620B2796B000BF776 = {
			isa = PBXGroup;
			children = (
				E4BE0D7120B2796B000BF776 /* ProofOfConcept */,
				E4BE0D8620B2796C000BF776 /* ProofOfConceptTests */,
				E4BE0D9120B2796C000BF776 /* ProofOfConceptUITests */,
				E4BE0DB520B2BB98000BF776 /* ProofOfConceptDataParsingTests */,
				E4BE0D7020B2796B000BF776 /* Products */,
				B4FBEA8B4837DFD771A92463 /* Pods */,
				07EDA010078FD1C52FEFA086 /* Frameworks */,
			);
			sourceTree = "<group>";
		};
		E4BE0D7020B2796B000BF776 /* Products */ = {
			isa = PBXGroup;
			children = (
				E4BE0D6F20B2796B000BF776 /* ProofOfConcept.app */,
				E4BE0D8320B2796C000BF776 /* ProofOfConceptTests.xctest */,
				E4BE0D8E20B2796C000BF776 /* ProofOfConceptUITests.xctest */,
				E4BE0DB420B2BB98000BF776 /* ProofOfConceptDataParsingTests.xctest */,
			);
			name = Products;
			sourceTree = "<group>";
		};
		E4BE0D7120B2796B000BF776 /* ProofOfConcept */ = {
			isa = PBXGroup;
			children = (
				E4BE0D7220B2796B000BF776 /* AppDelegate.swift */,
				E4463EDC20B2CADA002F0885 /* View */,
				E4BE0DAF20B2B9D7000BF776 /* Model */,
				E4BE0DA020B29A91000BF776 /* Controller */,
				E4BE0DA520B29AE9000BF776 /* Networking */,
				E4BE0DCB20B2C4B9000BF776 /* MBProgressHUD */,
				E4BE0DA720B2A03C000BF776 /* POCConstants.swift */,
				E4BE0D7920B2796B000BF776 /* Assets.xcassets */,
				E4BE0D7E20B2796B000BF776 /* Info.plist */,
				E4BE0DC120B2C471000BF776 /* ProofOfConcept-Bridging-Header.h */,
			);
			path = ProofOfConcept;
			sourceTree = "<group>";
		};
		E4BE0D8620B2796C000BF776 /* ProofOfConceptTests */ = {
			isa = PBXGroup;
			children = (
				E4BE0D8720B2796C000BF776 /* ProofOfConceptTests.swift */,
				E4BE0D8920B2796C000BF776 /* Info.plist */,
			);
			path = ProofOfConceptTests;
			sourceTree = "<group>";
		};
		E4BE0D9120B2796C000BF776 /* ProofOfConceptUITests */ = {
			isa = PBXGroup;
			children = (
				E4BE0D9220B2796C000BF776 /* ProofOfConceptUITests.swift */,
				E4BE0D9420B2796C000BF776 /* Info.plist */,
			);
			path = ProofOfConceptUITests;
			sourceTree = "<group>";
		};
		E4BE0DA020B29A91000BF776 /* Controller */ = {
			isa = PBXGroup;
			children = (
				E4BE0D7420B2796B000BF776 /* POCFactsTableViewController.swift */,
			);
			path = Controller;
			sourceTree = "<group>";
		};
		E4BE0DA520B29AE9000BF776 /* Networking */ = {
			isa = PBXGroup;
			children = (
				E4BE0DA120B29AD9000BF776 /* POCServiceClass.swift */,
			);
			path = Networking;
			sourceTree = "<group>";
		};
		E4BE0DAF20B2B9D7000BF776 /* Model */ = {
			isa = PBXGroup;
			children = (
				E4BE0DAB20B2B9D2000BF776 /* POCFacts.swift */,
			);
			path = Model;
			sourceTree = "<group>";
		};
		E4BE0DB520B2BB98000BF776 /* ProofOfConceptDataParsingTests */ = {
			isa = PBXGroup;
			children = (
				E4BE0DB620B2BB98000BF776 /* ProofOfConceptDataParsingTests.swift */,
				E4BE0DB820B2BB98000BF776 /* Info.plist */,
			);
			path = ProofOfConceptDataParsingTests;
			sourceTree = "<group>";
		};
		E4BE0DCB20B2C4B9000BF776 /* MBProgressHUD */ = {
			isa = PBXGroup;
			children = (
				E4BE0DC620B2C474000BF776 /* MBProgressHUD.h */,
				E4BE0DC520B2C473000BF776 /* MBProgressHUD.m */,
			);
			path = MBProgressHUD;
			sourceTree = "<group>";
		};
/* End PBXGroup section */

/* Begin PBXNativeTarget section */
		E4BE0D6E20B2796B000BF776 /* ProofOfConcept */ = {
			isa = PBXNativeTarget;
			buildConfigurationList = E4BE0D9720B2796C000BF776 /* Build configuration list for PBXNativeTarget "ProofOfConcept" */;
			buildPhases = (
				EF64124362F64234FC7AC1AA /* [CP] Check Pods Manifest.lock */,
				E4BE0D6B20B2796B000BF776 /* Sources */,
				E4BE0D6C20B2796B000BF776 /* Frameworks */,
				E4BE0D6D20B2796B000BF776 /* Resources */,
				50F99AE4EB5E56CD39D7140E /* [CP] Embed Pods Frameworks */,
				D8FE37E091176711F8B9593E /* [CP] Copy Pods Resources */,
			);
			buildRules = (
			);
			dependencies = (
			);
			name = ProofOfConcept;
			productName = ProofOfConcept;
			productReference = E4BE0D6F20B2796B000BF776 /* ProofOfConcept.app */;
			productType = "com.apple.product-type.application";
		};
		E4BE0D8220B2796C000BF776 /* ProofOfConceptTests */ = {
			isa = PBXNativeTarget;
			buildConfigurationList = E4BE0D9A20B2796C000BF776 /* Build configuration list for PBXNativeTarget "ProofOfConceptTests" */;
			buildPhases = (
				7111AD02EDECE072B3B354C6 /* [CP] Check Pods Manifest.lock */,
				E4BE0D7F20B2796C000BF776 /* Sources */,
				E4BE0D8020B2796C000BF776 /* Frameworks */,
				E4BE0D8120B2796C000BF776 /* Resources */,
				0D34A4EB859B694DC9E3DAF2 /* [CP] Embed Pods Frameworks */,
				3D96E92F27EFC6E49F4513FE /* [CP] Copy Pods Resources */,
			);
			buildRules = (
			);
			dependencies = (
				E4BE0D8520B2796C000BF776 /* PBXTargetDependency */,
			);
			name = ProofOfConceptTests;
			productName = ProofOfConceptTests;
			productReference = E4BE0D8320B2796C000BF776 /* ProofOfConceptTests.xctest */;
			productType = "com.apple.product-type.bundle.unit-test";
		};
		E4BE0D8D20B2796C000BF776 /* ProofOfConceptUITests */ = {
			isa = PBXNativeTarget;
			buildConfigurationList = E4BE0D9D20B2796C000BF776 /* Build configuration list for PBXNativeTarget "ProofOfConceptUITests" */;
			buildPhases = (
				A7EBF0F8766E0EEDE3C64497 /* [CP] Check Pods Manifest.lock */,
				E4BE0D8A20B2796C000BF776 /* Sources */,
				E4BE0D8B20B2796C000BF776 /* Frameworks */,
				E4BE0D8C20B2796C000BF776 /* Resources */,
				C43F3EE65272974BBA2B4248 /* [CP] Embed Pods Frameworks */,
				2D357FDB09660618564ACACE /* [CP] Copy Pods Resources */,
			);
			buildRules = (
			);
			dependencies = (
				E4BE0D9020B2796C000BF776 /* PBXTargetDependency */,
			);
			name = ProofOfConceptUITests;
			productName = ProofOfConceptUITests;
			productReference = E4BE0D8E20B2796C000BF776 /* ProofOfConceptUITests.xctest */;
			productType = "com.apple.product-type.bundle.ui-testing";
		};
		E4BE0DB320B2BB98000BF776 /* ProofOfConceptDataParsingTests */ = {
			isa = PBXNativeTarget;
			buildConfigurationList = E4BE0DBB20B2BB98000BF776 /* Build configuration list for PBXNativeTarget "ProofOfConceptDataParsingTests" */;
			buildPhases = (
				6F234F90E9E670F801109C05 /* [CP] Check Pods Manifest.lock */,
				E4BE0DB020B2BB98000BF776 /* Sources */,
				E4BE0DB120B2BB98000BF776 /* Frameworks */,
				E4BE0DB220B2BB98000BF776 /* Resources */,
				BC7A70F4A31BC10C44938EA4 /* [CP] Embed Pods Frameworks */,
				AFFFEA490631882A9A486C44 /* [CP] Copy Pods Resources */,
			);
			buildRules = (
			);
			dependencies = (
				E4BE0DBA20B2BB98000BF776 /* PBXTargetDependency */,
			);
			name = ProofOfConceptDataParsingTests;
			productName = ProofOfConceptDataParsingTests;
			productReference = E4BE0DB420B2BB98000BF776 /* ProofOfConceptDataParsingTests.xctest */;
			productType = "com.apple.product-type.bundle.unit-test";
		};
/* End PBXNativeTarget section */

/* Begin PBXProject section */
		E4BE0D6720B2796B000BF776 /* Project object */ = {
			isa = PBXProject;
			attributes = {
				LastSwiftUpdateCheck = 0920;
				LastUpgradeCheck = 0920;
				ORGANIZATIONNAME = "Shweta Shendage";
				TargetAttributes = {
					E4BE0D6E20B2796B000BF776 = {
						CreatedOnToolsVersion = 9.2;
						LastSwiftMigration = 0920;
						ProvisioningStyle = Automatic;
					};
					E4BE0D8220B2796C000BF776 = {
						CreatedOnToolsVersion = 9.2;
						LastSwiftMigration = 0920;
						ProvisioningStyle = Automatic;
						TestTargetID = E4BE0D6E20B2796B000BF776;
					};
					E4BE0D8D20B2796C000BF776 = {
						CreatedOnToolsVersion = 9.2;
						LastSwiftMigration = 0920;
						ProvisioningStyle = Automatic;
						TestTargetID = E4BE0D6E20B2796B000BF776;
					};
					E4BE0DB320B2BB98000BF776 = {
						CreatedOnToolsVersion = 9.2;
						LastSwiftMigration = 0920;
						ProvisioningStyle = Automatic;
						TestTargetID = E4BE0D6E20B2796B000BF776;
					};
				};
			};
			buildConfigurationList = E4BE0D6A20B2796B000BF776 /* Build configuration list for PBXProject "ProofOfConcept" */;
			compatibilityVersion = "Xcode 8.0";
			developmentRegion = en;
			hasScannedForEncodings = 0;
			knownRegions = (
				en,
				Base,
			);
			mainGroup = E4BE0D6620B2796B000BF776;
			productRefGroup = E4BE0D7020B2796B000BF776 /* Products */;
			projectDirPath = "";
			projectRoot = "";
			targets = (
				E4BE0D6E20B2796B000BF776 /* ProofOfConcept */,
				E4BE0D8220B2796C000BF776 /* ProofOfConceptTests */,
				E4BE0D8D20B2796C000BF776 /* ProofOfConceptUITests */,
				E4BE0DB320B2BB98000BF776 /* ProofOfConceptDataParsingTests */,
			);
		};
/* End PBXProject section */

/* Begin PBXResourcesBuildPhase section */
		E4BE0D6D20B2796B000BF776 /* Resources */ = {
			isa = PBXResourcesBuildPhase;
			buildActionMask = 2147483647;
			files = (
				E4BE0D7A20B2796B000BF776 /* Assets.xcassets in Resources */,
			);
			runOnlyForDeploymentPostprocessing = 0;
		};
		E4BE0D8120B2796C000BF776 /* Resources */ = {
			isa = PBXResourcesBuildPhase;
			buildActionMask = 2147483647;
			files = (
			);
			runOnlyForDeploymentPostprocessing = 0;
		};
		E4BE0D8C20B2796C000BF776 /* Resources */ = {
			isa = PBXResourcesBuildPhase;
			buildActionMask = 2147483647;
			files = (
			);
			runOnlyForDeploymentPostprocessing = 0;
		};
		E4BE0DB220B2BB98000BF776 /* Resources */ = {
			isa = PBXResourcesBuildPhase;
			buildActionMask = 2147483647;
			files = (
			);
			runOnlyForDeploymentPostprocessing = 0;
		};
/* End PBXResourcesBuildPhase section */

/* Begin PBXShellScriptBuildPhase section */
		0D34A4EB859B694DC9E3DAF2 /* [CP] Embed Pods Frameworks */ = {
			isa = PBXShellScriptBuildPhase;
			buildActionMask = 2147483647;
			files = (
			);
			inputPaths = (
			);
			name = "[CP] Embed Pods Frameworks";
			outputPaths = (
			);
			runOnlyForDeploymentPostprocessing = 0;
			shellPath = /bin/sh;
			shellScript = "\"${SRCROOT}/Pods/Target Support Files/Pods-ProofOfConceptTests/Pods-ProofOfConceptTests-frameworks.sh\"\n";
			showEnvVarsInLog = 0;
		};
		2D357FDB09660618564ACACE /* [CP] Copy Pods Resources */ = {
			isa = PBXShellScriptBuildPhase;
			buildActionMask = 2147483647;
			files = (
			);
			inputPaths = (
			);
			name = "[CP] Copy Pods Resources";
			outputPaths = (
			);
			runOnlyForDeploymentPostprocessing = 0;
			shellPath = /bin/sh;
			shellScript = "\"${SRCROOT}/Pods/Target Support Files/Pods-ProofOfConceptUITests/Pods-ProofOfConceptUITests-resources.sh\"\n";
			showEnvVarsInLog = 0;
		};
		3D96E92F27EFC6E49F4513FE /* [CP] Copy Pods Resources */ = {
			isa = PBXShellScriptBuildPhase;
			buildActionMask = 2147483647;
			files = (
			);
			inputPaths = (
			);
			name = "[CP] Copy Pods Resources";
			outputPaths = (
			);
			runOnlyForDeploymentPostprocessing = 0;
			shellPath = /bin/sh;
			shellScript = "\"${SRCROOT}/Pods/Target Support Files/Pods-ProofOfConceptTests/Pods-ProofOfConceptTests-resources.sh\"\n";
			showEnvVarsInLog = 0;
		};
		50F99AE4EB5E56CD39D7140E /* [CP] Embed Pods Frameworks */ = {
			isa = PBXShellScriptBuildPhase;
			buildActionMask = 2147483647;
			files = (
			);
			inputPaths = (
				"${SRCROOT}/Pods/Target Support Files/Pods-ProofOfConcept/Pods-ProofOfConcept-frameworks.sh",
				"${BUILT_PRODUCTS_DIR}/ReachabilitySwift/Reachability.framework",
				"${BUILT_PRODUCTS_DIR}/SnapKit/SnapKit.framework",
				"${BUILT_PRODUCTS_DIR}/SwiftyJSON/SwiftyJSON.framework",
			);
			name = "[CP] Embed Pods Frameworks";
			outputPaths = (
				"${TARGET_BUILD_DIR}/${FRAMEWORKS_FOLDER_PATH}/Reachability.framework",
				"${TARGET_BUILD_DIR}/${FRAMEWORKS_FOLDER_PATH}/SnapKit.framework",
				"${TARGET_BUILD_DIR}/${FRAMEWORKS_FOLDER_PATH}/SwiftyJSON.framework",
			);
			runOnlyForDeploymentPostprocessing = 0;
			shellPath = /bin/sh;
			shellScript = "\"${SRCROOT}/Pods/Target Support Files/Pods-ProofOfConcept/Pods-ProofOfConcept-frameworks.sh\"\n";
			showEnvVarsInLog = 0;
		};
		6F234F90E9E670F801109C05 /* [CP] Check Pods Manifest.lock */ = {
			isa = PBXShellScriptBuildPhase;
			buildActionMask = 2147483647;
			files = (
			);
			inputPaths = (
				"${PODS_PODFILE_DIR_PATH}/Podfile.lock",
				"${PODS_ROOT}/Manifest.lock",
			);
			name = "[CP] Check Pods Manifest.lock";
			outputPaths = (
				"$(DERIVED_FILE_DIR)/Pods-ProofOfConceptDataParsingTests-checkManifestLockResult.txt",
			);
			runOnlyForDeploymentPostprocessing = 0;
			shellPath = /bin/sh;
			shellScript = "diff \"${PODS_PODFILE_DIR_PATH}/Podfile.lock\" \"${PODS_ROOT}/Manifest.lock\" > /dev/null\nif [ $? != 0 ] ; then\n    # print error to STDERR\n    echo \"error: The sandbox is not in sync with the Podfile.lock. Run 'pod install' or update your CocoaPods installation.\" >&2\n    exit 1\nfi\n# This output is used by Xcode 'outputs' to avoid re-running this script phase.\necho \"SUCCESS\" > \"${SCRIPT_OUTPUT_FILE_0}\"\n";
			showEnvVarsInLog = 0;
		};
		7111AD02EDECE072B3B354C6 /* [CP] Check Pods Manifest.lock */ = {
			isa = PBXShellScriptBuildPhase;
			buildActionMask = 2147483647;
			files = (
			);
			inputPaths = (
				"${PODS_PODFILE_DIR_PATH}/Podfile.lock",
				"${PODS_ROOT}/Manifest.lock",
			);
			name = "[CP] Check Pods Manifest.lock";
			outputPaths = (
				"$(DERIVED_FILE_DIR)/Pods-ProofOfConceptTests-checkManifestLockResult.txt",
			);
			runOnlyForDeploymentPostprocessing = 0;
			shellPath = /bin/sh;
			shellScript = "diff \"${PODS_PODFILE_DIR_PATH}/Podfile.lock\" \"${PODS_ROOT}/Manifest.lock\" > /dev/null\nif [ $? != 0 ] ; then\n    # print error to STDERR\n    echo \"error: The sandbox is not in sync with the Podfile.lock. Run 'pod install' or update your CocoaPods installation.\" >&2\n    exit 1\nfi\n# This output is used by Xcode 'outputs' to avoid re-running this script phase.\necho \"SUCCESS\" > \"${SCRIPT_OUTPUT_FILE_0}\"\n";
			showEnvVarsInLog = 0;
		};
		A7EBF0F8766E0EEDE3C64497 /* [CP] Check Pods Manifest.lock */ = {
			isa = PBXShellScriptBuildPhase;
			buildActionMask = 2147483647;
			files = (
			);
			inputPaths = (
				"${PODS_PODFILE_DIR_PATH}/Podfile.lock",
				"${PODS_ROOT}/Manifest.lock",
			);
			name = "[CP] Check Pods Manifest.lock";
			outputPaths = (
				"$(DERIVED_FILE_DIR)/Pods-ProofOfConceptUITests-checkManifestLockResult.txt",
			);
			runOnlyForDeploymentPostprocessing = 0;
			shellPath = /bin/sh;
			shellScript = "diff \"${PODS_PODFILE_DIR_PATH}/Podfile.lock\" \"${PODS_ROOT}/Manifest.lock\" > /dev/null\nif [ $? != 0 ] ; then\n    # print error to STDERR\n    echo \"error: The sandbox is not in sync with the Podfile.lock. Run 'pod install' or update your CocoaPods installation.\" >&2\n    exit 1\nfi\n# This output is used by Xcode 'outputs' to avoid re-running this script phase.\necho \"SUCCESS\" > \"${SCRIPT_OUTPUT_FILE_0}\"\n";
			showEnvVarsInLog = 0;
		};
		AFFFEA490631882A9A486C44 /* [CP] Copy Pods Resources */ = {
			isa = PBXShellScriptBuildPhase;
			buildActionMask = 2147483647;
			files = (
			);
			inputPaths = (
			);
			name = "[CP] Copy Pods Resources";
			outputPaths = (
			);
			runOnlyForDeploymentPostprocessing = 0;
			shellPath = /bin/sh;
			shellScript = "\"${SRCROOT}/Pods/Target Support Files/Pods-ProofOfConceptDataParsingTests/Pods-ProofOfConceptDataParsingTests-resources.sh\"\n";
			showEnvVarsInLog = 0;
		};
		BC7A70F4A31BC10C44938EA4 /* [CP] Embed Pods Frameworks */ = {
			isa = PBXShellScriptBuildPhase;
			buildActionMask = 2147483647;
			files = (
			);
			inputPaths = (
				"${SRCROOT}/Pods/Target Support Files/Pods-ProofOfConceptDataParsingTests/Pods-ProofOfConceptDataParsingTests-frameworks.sh",
				"${BUILT_PRODUCTS_DIR}/SwiftyJSON/SwiftyJSON.framework",
			);
			name = "[CP] Embed Pods Frameworks";
			outputPaths = (
				"${TARGET_BUILD_DIR}/${FRAMEWORKS_FOLDER_PATH}/SwiftyJSON.framework",
			);
			runOnlyForDeploymentPostprocessing = 0;
			shellPath = /bin/sh;
			shellScript = "\"${SRCROOT}/Pods/Target Support Files/Pods-ProofOfConceptDataParsingTests/Pods-ProofOfConceptDataParsingTests-frameworks.sh\"\n";
			showEnvVarsInLog = 0;
		};
		C43F3EE65272974BBA2B4248 /* [CP] Embed Pods Frameworks */ = {
			isa = PBXShellScriptBuildPhase;
			buildActionMask = 2147483647;
			files = (
			);
			inputPaths = (
				"${SRCROOT}/Pods/Target Support Files/Pods-ProofOfConceptUITests/Pods-ProofOfConceptUITests-frameworks.sh",
				"${BUILT_PRODUCTS_DIR}/SnapKit/SnapKit.framework",
				"${BUILT_PRODUCTS_DIR}/SwiftyJSON/SwiftyJSON.framework",
			);
			name = "[CP] Embed Pods Frameworks";
			outputPaths = (
				"${TARGET_BUILD_DIR}/${FRAMEWORKS_FOLDER_PATH}/SnapKit.framework",
				"${TARGET_BUILD_DIR}/${FRAMEWORKS_FOLDER_PATH}/SwiftyJSON.framework",
			);
			runOnlyForDeploymentPostprocessing = 0;
			shellPath = /bin/sh;
			shellScript = "\"${SRCROOT}/Pods/Target Support Files/Pods-ProofOfConceptUITests/Pods-ProofOfConceptUITests-frameworks.sh\"\n";
			showEnvVarsInLog = 0;
		};
		D8FE37E091176711F8B9593E /* [CP] Copy Pods Resources */ = {
			isa = PBXShellScriptBuildPhase;
			buildActionMask = 2147483647;
			files = (
			);
			inputPaths = (
			);
			name = "[CP] Copy Pods Resources";
			outputPaths = (
			);
			runOnlyForDeploymentPostprocessing = 0;
			shellPath = /bin/sh;
			shellScript = "\"${SRCROOT}/Pods/Target Support Files/Pods-ProofOfConcept/Pods-ProofOfConcept-resources.sh\"\n";
			showEnvVarsInLog = 0;
		};
		EF64124362F64234FC7AC1AA /* [CP] Check Pods Manifest.lock */ = {
			isa = PBXShellScriptBuildPhase;
			buildActionMask = 2147483647;
			files = (
			);
			inputPaths = (
				"${PODS_PODFILE_DIR_PATH}/Podfile.lock",
				"${PODS_ROOT}/Manifest.lock",
			);
			name = "[CP] Check Pods Manifest.lock";
			outputPaths = (
				"$(DERIVED_FILE_DIR)/Pods-ProofOfConcept-checkManifestLockResult.txt",
			);
			runOnlyForDeploymentPostprocessing = 0;
			shellPath = /bin/sh;
			shellScript = "diff \"${PODS_PODFILE_DIR_PATH}/Podfile.lock\" \"${PODS_ROOT}/Manifest.lock\" > /dev/null\nif [ $? != 0 ] ; then\n    # print error to STDERR\n    echo \"error: The sandbox is not in sync with the Podfile.lock. Run 'pod install' or update your CocoaPods installation.\" >&2\n    exit 1\nfi\n# This output is used by Xcode 'outputs' to avoid re-running this script phase.\necho \"SUCCESS\" > \"${SCRIPT_OUTPUT_FILE_0}\"\n";
			showEnvVarsInLog = 0;
		};
/* End PBXShellScriptBuildPhase section */

/* Begin PBXSourcesBuildPhase section */
		E4BE0D6B20B2796B000BF776 /* Sources */ = {
			isa = PBXSourcesBuildPhase;
			buildActionMask = 2147483647;
			files = (
				E4BE0DA220B29AD9000BF776 /* POCServiceClass.swift in Sources */,
				E4463ED820B2CAD5002F0885 /* POCTableViewCell.swift in Sources */,
				E4BE0DC720B2C474000BF776 /* MBProgressHUD.m in Sources */,
				E4BE0D7520B2796B000BF776 /* POCFactsTableViewController.swift in Sources */,
				E4BE0DAC20B2B9D2000BF776 /* POCFacts.swift in Sources */,
				E4BE0D7320B2796B000BF776 /* AppDelegate.swift in Sources */,
				E4BE0DA820B2A03C000BF776 /* POCConstants.swift in Sources */,
			);
			runOnlyForDeploymentPostprocessing = 0;
		};
		E4BE0D7F20B2796C000BF776 /* Sources */ = {
			isa = PBXSourcesBuildPhase;
			buildActionMask = 2147483647;
			files = (
				E4BE0D8820B2796C000BF776 /* ProofOfConceptTests.swift in Sources */,
				E4BE0DAD20B2B9D2000BF776 /* POCFacts.swift in Sources */,
				E4BE0DA920B2A03C000BF776 /* POCConstants.swift in Sources */,
				E4BE0DC820B2C474000BF776 /* MBProgressHUD.m in Sources */,
				E4463ED920B2CAD5002F0885 /* POCTableViewCell.swift in Sources */,
			);
			runOnlyForDeploymentPostprocessing = 0;
		};
		E4BE0D8A20B2796C000BF776 /* Sources */ = {
			isa = PBXSourcesBuildPhase;
			buildActionMask = 2147483647;
			files = (
				E4BE0D9320B2796C000BF776 /* ProofOfConceptUITests.swift in Sources */,
				E4BE0DAE20B2B9D2000BF776 /* POCFacts.swift in Sources */,
				E4BE0DAA20B2A03C000BF776 /* POCConstants.swift in Sources */,
				E4BE0DC920B2C474000BF776 /* MBProgressHUD.m in Sources */,
				E4463EDA20B2CAD5002F0885 /* POCTableViewCell.swift in Sources */,
			);
			runOnlyForDeploymentPostprocessing = 0;
		};
		E4BE0DB020B2BB98000BF776 /* Sources */ = {
			isa = PBXSourcesBuildPhase;
			buildActionMask = 2147483647;
			files = (
				E4463EDB20B2CAD5002F0885 /* POCTableViewCell.swift in Sources */,
				E4BE0DC020B2BD75000BF776 /* POCFacts.swift in Sources */,
				E4BE0DBE20B2BC13000BF776 /* POCConstants.swift in Sources */,
				E4BE0DCA20B2C474000BF776 /* MBProgressHUD.m in Sources */,
				E4BE0DB720B2BB98000BF776 /* ProofOfConceptDataParsingTests.swift in Sources */,
				E4BE0DBF20B2BC43000BF776 /* POCServiceClass.swift in Sources */,
			);
			runOnlyForDeploymentPostprocessing = 0;
		};
/* End PBXSourcesBuildPhase section */

/* Begin PBXTargetDependency section */
		E4BE0D8520B2796C000BF776 /* PBXTargetDependency */ = {
			isa = PBXTargetDependency;
			target = E4BE0D6E20B2796B000BF776 /* ProofOfConcept */;
			targetProxy = E4BE0D8420B2796C000BF776 /* PBXContainerItemProxy */;
		};
		E4BE0D9020B2796C000BF776 /* PBXTargetDependency */ = {
			isa = PBXTargetDependency;
			target = E4BE0D6E20B2796B000BF776 /* ProofOfConcept */;
			targetProxy = E4BE0D8F20B2796C000BF776 /* PBXContainerItemProxy */;
		};
		E4BE0DBA20B2BB98000BF776 /* PBXTargetDependency */ = {
			isa = PBXTargetDependency;
			target = E4BE0D6E20B2796B000BF776 /* ProofOfConcept */;
			targetProxy = E4BE0DB920B2BB98000BF776 /* PBXContainerItemProxy */;
		};
/* End PBXTargetDependency section */

/* Begin XCBuildConfiguration section */
		E4BE0D9520B2796C000BF776 /* Debug */ = {
			isa = XCBuildConfiguration;
			buildSettings = {
				ALWAYS_SEARCH_USER_PATHS = NO;
				CLANG_ANALYZER_NONNULL = YES;
				CLANG_ANALYZER_NUMBER_OBJECT_CONVERSION = YES_AGGRESSIVE;
				CLANG_CXX_LANGUAGE_STANDARD = "gnu++14";
				CLANG_CXX_LIBRARY = "libc++";
				CLANG_ENABLE_MODULES = YES;
				CLANG_ENABLE_OBJC_ARC = YES;
				CLANG_WARN_BLOCK_CAPTURE_AUTORELEASING = YES;
				CLANG_WARN_BOOL_CONVERSION = YES;
				CLANG_WARN_COMMA = YES;
				CLANG_WARN_CONSTANT_CONVERSION = YES;
				CLANG_WARN_DIRECT_OBJC_ISA_USAGE = YES_ERROR;
				CLANG_WARN_DOCUMENTATION_COMMENTS = YES;
				CLANG_WARN_EMPTY_BODY = YES;
				CLANG_WARN_ENUM_CONVERSION = YES;
				CLANG_WARN_INFINITE_RECURSION = YES;
				CLANG_WARN_INT_CONVERSION = YES;
				CLANG_WARN_NON_LITERAL_NULL_CONVERSION = YES;
				CLANG_WARN_OBJC_LITERAL_CONVERSION = YES;
				CLANG_WARN_OBJC_ROOT_CLASS = YES_ERROR;
				CLANG_WARN_RANGE_LOOP_ANALYSIS = YES;
				CLANG_WARN_STRICT_PROTOTYPES = YES;
				CLANG_WARN_SUSPICIOUS_MOVE = YES;
				CLANG_WARN_UNGUARDED_AVAILABILITY = YES_AGGRESSIVE;
				CLANG_WARN_UNREACHABLE_CODE = YES;
				CLANG_WARN__DUPLICATE_METHOD_MATCH = YES;
				CODE_SIGN_IDENTITY = "iPhone Developer";
				COPY_PHASE_STRIP = NO;
				DEBUG_INFORMATION_FORMAT = dwarf;
				ENABLE_STRICT_OBJC_MSGSEND = YES;
				ENABLE_TESTABILITY = YES;
				GCC_C_LANGUAGE_STANDARD = gnu11;
				GCC_DYNAMIC_NO_PIC = NO;
				GCC_NO_COMMON_BLOCKS = YES;
				GCC_OPTIMIZATION_LEVEL = 0;
				GCC_PREPROCESSOR_DEFINITIONS = (
					"DEBUG=1",
					"$(inherited)",
				);
				GCC_WARN_64_TO_32_BIT_CONVERSION = YES;
				GCC_WARN_ABOUT_RETURN_TYPE = YES_ERROR;
				GCC_WARN_UNDECLARED_SELECTOR = YES;
				GCC_WARN_UNINITIALIZED_AUTOS = YES_AGGRESSIVE;
				GCC_WARN_UNUSED_FUNCTION = YES;
				GCC_WARN_UNUSED_VARIABLE = YES;
				IPHONEOS_DEPLOYMENT_TARGET = 11.2;
				MTL_ENABLE_DEBUG_INFO = YES;
				ONLY_ACTIVE_ARCH = YES;
				SDKROOT = iphoneos;
				SWIFT_ACTIVE_COMPILATION_CONDITIONS = DEBUG;
				SWIFT_OPTIMIZATION_LEVEL = "-Onone";
			};
			name = Debug;
		};
		E4BE0D9620B2796C000BF776 /* Release */ = {
			isa = XCBuildConfiguration;
			buildSettings = {
				ALWAYS_SEARCH_USER_PATHS = NO;
				CLANG_ANALYZER_NONNULL = YES;
				CLANG_ANALYZER_NUMBER_OBJECT_CONVERSION = YES_AGGRESSIVE;
				CLANG_CXX_LANGUAGE_STANDARD = "gnu++14";
				CLANG_CXX_LIBRARY = "libc++";
				CLANG_ENABLE_MODULES = YES;
				CLANG_ENABLE_OBJC_ARC = YES;
				CLANG_WARN_BLOCK_CAPTURE_AUTORELEASING = YES;
				CLANG_WARN_BOOL_CONVERSION = YES;
				CLANG_WARN_COMMA = YES;
				CLANG_WARN_CONSTANT_CONVERSION = YES;
				CLANG_WARN_DIRECT_OBJC_ISA_USAGE = YES_ERROR;
				CLANG_WARN_DOCUMENTATION_COMMENTS = YES;
				CLANG_WARN_EMPTY_BODY = YES;
				CLANG_WARN_ENUM_CONVERSION = YES;
				CLANG_WARN_INFINITE_RECURSION = YES;
				CLANG_WARN_INT_CONVERSION = YES;
				CLANG_WARN_NON_LITERAL_NULL_CONVERSION = YES;
				CLANG_WARN_OBJC_LITERAL_CONVERSION = YES;
				CLANG_WARN_OBJC_ROOT_CLASS = YES_ERROR;
				CLANG_WARN_RANGE_LOOP_ANALYSIS = YES;
				CLANG_WARN_STRICT_PROTOTYPES = YES;
				CLANG_WARN_SUSPICIOUS_MOVE = YES;
				CLANG_WARN_UNGUARDED_AVAILABILITY = YES_AGGRESSIVE;
				CLANG_WARN_UNREACHABLE_CODE = YES;
				CLANG_WARN__DUPLICATE_METHOD_MATCH = YES;
				CODE_SIGN_IDENTITY = "iPhone Developer";
				COPY_PHASE_STRIP = NO;
				DEBUG_INFORMATION_FORMAT = "dwarf-with-dsym";
				ENABLE_NS_ASSERTIONS = NO;
				ENABLE_STRICT_OBJC_MSGSEND = YES;
				GCC_C_LANGUAGE_STANDARD = gnu11;
				GCC_NO_COMMON_BLOCKS = YES;
				GCC_WARN_64_TO_32_BIT_CONVERSION = YES;
				GCC_WARN_ABOUT_RETURN_TYPE = YES_ERROR;
				GCC_WARN_UNDECLARED_SELECTOR = YES;
				GCC_WARN_UNINITIALIZED_AUTOS = YES_AGGRESSIVE;
				GCC_WARN_UNUSED_FUNCTION = YES;
				GCC_WARN_UNUSED_VARIABLE = YES;
				IPHONEOS_DEPLOYMENT_TARGET = 11.2;
				MTL_ENABLE_DEBUG_INFO = NO;
				SDKROOT = iphoneos;
				SWIFT_OPTIMIZATION_LEVEL = "-Owholemodule";
				VALIDATE_PRODUCT = YES;
			};
			name = Release;
		};
		E4BE0D9820B2796C000BF776 /* Debug */ = {
			isa = XCBuildConfiguration;
			baseConfigurationReference = CE0CDFCB4CA89FD8B187E8F6 /* Pods-ProofOfConcept.debug.xcconfig */;
			buildSettings = {
				ASSETCATALOG_COMPILER_APPICON_NAME = AppIcon;
				ASSETCATALOG_COMPILER_LAUNCHIMAGE_NAME = LaunchImage;
				CLANG_ENABLE_MODULES = YES;
				CODE_SIGN_STYLE = Automatic;
				INFOPLIST_FILE = ProofOfConcept/Info.plist;
				IPHONEOS_DEPLOYMENT_TARGET = 8.0;
				LD_RUNPATH_SEARCH_PATHS = "$(inherited) @executable_path/Frameworks";
				PRODUCT_BUNDLE_IDENTIFIER = Shweta.ProofOfConcept;
				PRODUCT_NAME = "$(TARGET_NAME)";
				SWIFT_OBJC_BRIDGING_HEADER = "ProofOfConcept/ProofOfConcept-Bridging-Header.h";
				SWIFT_OPTIMIZATION_LEVEL = "-Onone";
				SWIFT_VERSION = 4.0;
				TARGETED_DEVICE_FAMILY = "1,2";
			};
			name = Debug;
		};
		E4BE0D9920B2796C000BF776 /* Release */ = {
			isa = XCBuildConfiguration;
			baseConfigurationReference = 86B132C0AB6EB1FFCF9F2B59 /* Pods-ProofOfConcept.release.xcconfig */;
			buildSettings = {
				ASSETCATALOG_COMPILER_APPICON_NAME = AppIcon;
				ASSETCATALOG_COMPILER_LAUNCHIMAGE_NAME = LaunchImage;
				CLANG_ENABLE_MODULES = YES;
				CODE_SIGN_STYLE = Automatic;
				INFOPLIST_FILE = ProofOfConcept/Info.plist;
				IPHONEOS_DEPLOYMENT_TARGET = 8.0;
				LD_RUNPATH_SEARCH_PATHS = "$(inherited) @executable_path/Frameworks";
				PRODUCT_BUNDLE_IDENTIFIER = Shweta.ProofOfConcept;
				PRODUCT_NAME = "$(TARGET_NAME)";
				SWIFT_OBJC_BRIDGING_HEADER = "ProofOfConcept/ProofOfConcept-Bridging-Header.h";
				SWIFT_VERSION = 4.0;
				TARGETED_DEVICE_FAMILY = "1,2";
			};
			name = Release;
		};
		E4BE0D9B20B2796C000BF776 /* Debug */ = {
			isa = XCBuildConfiguration;
			baseConfigurationReference = A815CB5703DFC9296830295E /* Pods-ProofOfConceptTests.debug.xcconfig */;
			buildSettings = {
				ALWAYS_EMBED_SWIFT_STANDARD_LIBRARIES = YES;
				BUNDLE_LOADER = "$(TEST_HOST)";
				CLANG_ENABLE_MODULES = YES;
				CODE_SIGN_STYLE = Automatic;
				INFOPLIST_FILE = ProofOfConceptTests/Info.plist;
				LD_RUNPATH_SEARCH_PATHS = "$(inherited) @executable_path/Frameworks @loader_path/Frameworks";
				PRODUCT_BUNDLE_IDENTIFIER = Shweta.ProofOfConceptTests;
				PRODUCT_NAME = "$(TARGET_NAME)";
				SWIFT_OBJC_BRIDGING_HEADER = "ProofOfConcept/ProofOfConcept-Bridging-Header.h";
				SWIFT_OPTIMIZATION_LEVEL = "-Onone";
				SWIFT_VERSION = 4.0;
				TARGETED_DEVICE_FAMILY = "1,2";
				TEST_HOST = "$(BUILT_PRODUCTS_DIR)/ProofOfConcept.app/ProofOfConcept";
			};
			name = Debug;
		};
		E4BE0D9C20B2796C000BF776 /* Release */ = {
			isa = XCBuildConfiguration;
			baseConfigurationReference = 08FBA4D8B6F8BC43B9F1EACB /* Pods-ProofOfConceptTests.release.xcconfig */;
			buildSettings = {
				ALWAYS_EMBED_SWIFT_STANDARD_LIBRARIES = YES;
				BUNDLE_LOADER = "$(TEST_HOST)";
				CLANG_ENABLE_MODULES = YES;
				CODE_SIGN_STYLE = Automatic;
				INFOPLIST_FILE = ProofOfConceptTests/Info.plist;
				LD_RUNPATH_SEARCH_PATHS = "$(inherited) @executable_path/Frameworks @loader_path/Frameworks";
				PRODUCT_BUNDLE_IDENTIFIER = Shweta.ProofOfConceptTests;
				PRODUCT_NAME = "$(TARGET_NAME)";
				SWIFT_OBJC_BRIDGING_HEADER = "ProofOfConcept/ProofOfConcept-Bridging-Header.h";
				SWIFT_VERSION = 4.0;
				TARGETED_DEVICE_FAMILY = "1,2";
				TEST_HOST = "$(BUILT_PRODUCTS_DIR)/ProofOfConcept.app/ProofOfConcept";
			};
			name = Release;
		};
		E4BE0D9E20B2796C000BF776 /* Debug */ = {
			isa = XCBuildConfiguration;
			baseConfigurationReference = F93B9AB60BC8DA4F32CBF084 /* Pods-ProofOfConceptUITests.debug.xcconfig */;
			buildSettings = {
				ALWAYS_EMBED_SWIFT_STANDARD_LIBRARIES = YES;
				CLANG_ENABLE_MODULES = YES;
				CODE_SIGN_STYLE = Automatic;
				INFOPLIST_FILE = ProofOfConceptUITests/Info.plist;
				LD_RUNPATH_SEARCH_PATHS = "$(inherited) @executable_path/Frameworks @loader_path/Frameworks";
				PRODUCT_BUNDLE_IDENTIFIER = Shweta.ProofOfConceptUITests;
				PRODUCT_NAME = "$(TARGET_NAME)";
				SWIFT_OBJC_BRIDGING_HEADER = "ProofOfConcept/ProofOfConcept-Bridging-Header.h";
				SWIFT_OPTIMIZATION_LEVEL = "-Onone";
				SWIFT_VERSION = 4.0;
				TARGETED_DEVICE_FAMILY = "1,2";
				TEST_TARGET_NAME = ProofOfConcept;
			};
			name = Debug;
		};
		E4BE0D9F20B2796C000BF776 /* Release */ = {
			isa = XCBuildConfiguration;
			baseConfigurationReference = A30458C26EEF74D73F804EF7 /* Pods-ProofOfConceptUITests.release.xcconfig */;
			buildSettings = {
				ALWAYS_EMBED_SWIFT_STANDARD_LIBRARIES = YES;
				CLANG_ENABLE_MODULES = YES;
				CODE_SIGN_STYLE = Automatic;
				INFOPLIST_FILE = ProofOfConceptUITests/Info.plist;
				LD_RUNPATH_SEARCH_PATHS = "$(inherited) @executable_path/Frameworks @loader_path/Frameworks";
				PRODUCT_BUNDLE_IDENTIFIER = Shweta.ProofOfConceptUITests;
				PRODUCT_NAME = "$(TARGET_NAME)";
				SWIFT_OBJC_BRIDGING_HEADER = "ProofOfConcept/ProofOfConcept-Bridging-Header.h";
				SWIFT_VERSION = 4.0;
				TARGETED_DEVICE_FAMILY = "1,2";
				TEST_TARGET_NAME = ProofOfConcept;
			};
			name = Release;
		};
		E4BE0DBC20B2BB98000BF776 /* Debug */ = {
			isa = XCBuildConfiguration;
			baseConfigurationReference = 09AA9A4952CDF74F0D1ACA34 /* Pods-ProofOfConceptDataParsingTests.debug.xcconfig */;
			buildSettings = {
				BUNDLE_LOADER = "$(TEST_HOST)";
				CLANG_ENABLE_MODULES = YES;
				CODE_SIGN_STYLE = Automatic;
				INFOPLIST_FILE = ProofOfConceptDataParsingTests/Info.plist;
				LD_RUNPATH_SEARCH_PATHS = "$(inherited) @executable_path/Frameworks @loader_path/Frameworks";
				PRODUCT_BUNDLE_IDENTIFIER = Shweta.ProofOfConceptDataParsingTests;
				PRODUCT_NAME = "$(TARGET_NAME)";
				SWIFT_OBJC_BRIDGING_HEADER = "ProofOfConcept/ProofOfConcept-Bridging-Header.h";
				SWIFT_OPTIMIZATION_LEVEL = "-Onone";
				SWIFT_VERSION = 4.0;
				TARGETED_DEVICE_FAMILY = "1,2";
				TEST_HOST = "$(BUILT_PRODUCTS_DIR)/ProofOfConcept.app/ProofOfConcept";
			};
			name = Debug;
		};
		E4BE0DBD20B2BB98000BF776 /* Release */ = {
			isa = XCBuildConfiguration;
			baseConfigurationReference = 99C7BD830E314004CEE92DFC /* Pods-ProofOfConceptDataParsingTests.release.xcconfig */;
			buildSettings = {
				BUNDLE_LOADER = "$(TEST_HOST)";
				CLANG_ENABLE_MODULES = YES;
				CODE_SIGN_STYLE = Automatic;
				INFOPLIST_FILE = ProofOfConceptDataParsingTests/Info.plist;
				LD_RUNPATH_SEARCH_PATHS = "$(inherited) @executable_path/Frameworks @loader_path/Frameworks";
				PRODUCT_BUNDLE_IDENTIFIER = Shweta.ProofOfConceptDataParsingTests;
				PRODUCT_NAME = "$(TARGET_NAME)";
				SWIFT_OBJC_BRIDGING_HEADER = "ProofOfConcept/ProofOfConcept-Bridging-Header.h";
				SWIFT_VERSION = 4.0;
				TARGETED_DEVICE_FAMILY = "1,2";
				TEST_HOST = "$(BUILT_PRODUCTS_DIR)/ProofOfConcept.app/ProofOfConcept";
			};
			name = Release;
		};
/* End XCBuildConfiguration section */

/* Begin XCConfigurationList section */
		E4BE0D6A20B2796B000BF776 /* Build configuration list for PBXProject "ProofOfConcept" */ = {
			isa = XCConfigurationList;
			buildConfigurations = (
				E4BE0D9520B2796C000BF776 /* Debug */,
				E4BE0D9620B2796C000BF776 /* Release */,
			);
			defaultConfigurationIsVisible = 0;
			defaultConfigurationName = Release;
		};
		E4BE0D9720B2796C000BF776 /* Build configuration list for PBXNativeTarget "ProofOfConcept" */ = {
			isa = XCConfigurationList;
			buildConfigurations = (
				E4BE0D9820B2796C000BF776 /* Debug */,
				E4BE0D9920B2796C000BF776 /* Release */,
			);
			defaultConfigurationIsVisible = 0;
			defaultConfigurationName = Release;
		};
		E4BE0D9A20B2796C000BF776 /* Build configuration list for PBXNativeTarget "ProofOfConceptTests" */ = {
			isa = XCConfigurationList;
			buildConfigurations = (
				E4BE0D9B20B2796C000BF776 /* Debug */,
				E4BE0D9C20B2796C000BF776 /* Release */,
			);
			defaultConfigurationIsVisible = 0;
			defaultConfigurationName = Release;
		};
		E4BE0D9D20B2796C000BF776 /* Build configuration list for PBXNativeTarget "ProofOfConceptUITests" */ = {
			isa = XCConfigurationList;
			buildConfigurations = (
				E4BE0D9E20B2796C000BF776 /* Debug */,
				E4BE0D9F20B2796C000BF776 /* Release */,
			);
			defaultConfigurationIsVisible = 0;
			defaultConfigurationName = Release;
		};
		E4BE0DBB20B2BB98000BF776 /* Build configuration list for PBXNativeTarget "ProofOfConceptDataParsingTests" */ = {
			isa = XCConfigurationList;
			buildConfigurations = (
				E4BE0DBC20B2BB98000BF776 /* Debug */,
				E4BE0DBD20B2BB98000BF776 /* Release */,
			);
			defaultConfigurationIsVisible = 0;
			defaultConfigurationName = Release;
		};
/* End XCConfigurationList section */
	};
	rootObject = E4BE0D6720B2796B000BF776 /* Project object */;
}
